PODS:
  - ScoutMaps-iOS-SDK (3.0.3)
  - ZAlertView (1.0.4)

DEPENDENCIES:
  - ScoutMaps-iOS-SDK
  - ZAlertView

SPEC CHECKSUMS:
  ScoutMaps-iOS-SDK: cf7dd89c6e2bea72bac605d44618fcc46391c66b
  ZAlertView: 59fffdb4e37a01df461835566d5101052b8af953

PODFILE CHECKSUM: a1cc4f1f443a03129f56df85b3fe213fe001b49f

COCOAPODS: 1.4.0
