// !$*UTF8*$!
{
	archiveVersion = 1;
	classes = {
	};
	objectVersion = 48;
	objects = {

/* Begin PBXBuildFile section */
		508A7630FD925A04AAB791B3 /* Pods_EcoPlanner.framework in Frameworks */ = {isa = PBXBuildFile; fileRef = 8A290510AD6D0C5BD220DA00 /* Pods_EcoPlanner.framework */; };
		C9E5B79C411E8D6B6C39286B /* Pods_eco_planner.framework in Frameworks */ = {isa = PBXBuildFile; fileRef = 84B435EACE68A3EABD7C3349 /* Pods_eco_planner.framework */; };
		CE3D57CC2090E63B002AA3A5 /* MapViewController.swift in Sources */ = {isa = PBXBuildFile; fileRef = CE3D57CB2090E63A002AA3A5 /* MapViewController.swift */; };
		CE5784D420530435008525D0 /* AppDelegate.swift in Sources */ = {isa = PBXBuildFile; fileRef = CE5784D320530435008525D0 /* AppDelegate.swift */; };
		CE5784D620530441008525D0 /* UIKitExtensions.swift in Sources */ = {isa = PBXBuildFile; fileRef = CE5784D520530441008525D0 /* UIKitExtensions.swift */; };
		CE5784D82053044A008525D0 /* Info.plist in Resources */ = {isa = PBXBuildFile; fileRef = CE5784D72053044A008525D0 /* Info.plist */; };
		CE5784DF2056C301008525D0 /* LaunchScreen.storyboard in Resources */ = {isa = PBXBuildFile; fileRef = CE5784DE2056C301008525D0 /* LaunchScreen.storyboard */; };
		CE5784E12056C308008525D0 /* Main.storyboard in Resources */ = {isa = PBXBuildFile; fileRef = CE5784E02056C308008525D0 /* Main.storyboard */; };
		CE5784E42056C4EC008525D0 /* Reminder+CoreDataClass.swift in Sources */ = {isa = PBXBuildFile; fileRef = CE5784E22056C4EC008525D0 /* Reminder+CoreDataClass.swift */; };
		CE5784E52056C4EC008525D0 /* Reminder+CoreDataProperties.swift in Sources */ = {isa = PBXBuildFile; fileRef = CE5784E32056C4EC008525D0 /* Reminder+CoreDataProperties.swift */; };
		CE5784E72058281E008525D0 /* Reminder+PersistentReminder.swift in Sources */ = {isa = PBXBuildFile; fileRef = CE5784E62058281E008525D0 /* Reminder+PersistentReminder.swift */; };
		CE881FDE209B738C00317744 /* RecyclingCentre.swift in Sources */ = {isa = PBXBuildFile; fileRef = CE881FDD209B738C00317744 /* RecyclingCentre.swift */; };
		CE8A27DA2052FE72009ED31E /* Assets.xcassets in Resources */ = {isa = PBXBuildFile; fileRef = CE8A27C72052FE72009ED31E /* Assets.xcassets */; };
		CE8A27DB2052FE72009ED31E /* Core Data.xcdatamodeld in Sources */ = {isa = PBXBuildFile; fileRef = CE8A27C82052FE72009ED31E /* Core Data.xcdatamodeld */; };
		CE8A27DE2052FE72009ED31E /* RemindersViewController.swift in Sources */ = {isa = PBXBuildFile; fileRef = CE8A27CE2052FE72009ED31E /* RemindersViewController.swift */; };
		CE8A27E02052FE72009ED31E /* AddOrEditReminderViewController.swift in Sources */ = {isa = PBXBuildFile; fileRef = CE8A27D02052FE72009ED31E /* AddOrEditReminderViewController.swift */; };
		CE8A27E22052FE72009ED31E /* RemindersManager.swift in Sources */ = {isa = PBXBuildFile; fileRef = CE8A27D32052FE72009ED31E /* RemindersManager.swift */; };
		CE8A27E32052FE72009ED31E /* Reminder.swift in Sources */ = {isa = PBXBuildFile; fileRef = CE8A27D42052FE72009ED31E /* Reminder.swift */; };
		CEAE9F2220986CF5009CB96C /* TipsViewController.swift in Sources */ = {isa = PBXBuildFile; fileRef = CEAE9F2120986CF5009CB96C /* TipsViewController.swift */; };
/* End PBXBuildFile section */

/* Begin PBXFileReference section */
		082CC35C68C20428D47231BB /* Pods-EcoPlanner.release.xcconfig */ = {isa = PBXFileReference; includeInIndex = 1; lastKnownFileType = text.xcconfig; name = "Pods-EcoPlanner.release.xcconfig"; path = "Pods/Target Support Files/Pods-EcoPlanner/Pods-EcoPlanner.release.xcconfig"; sourceTree = "<group>"; };
		2DB39C7F66D23D960B79F37D /* Pods-EcoPlanner.debug.xcconfig */ = {isa = PBXFileReference; includeInIndex = 1; lastKnownFileType = text.xcconfig; name = "Pods-EcoPlanner.debug.xcconfig"; path = "Pods/Target Support Files/Pods-EcoPlanner/Pods-EcoPlanner.debug.xcconfig"; sourceTree = "<group>"; };
		84B435EACE68A3EABD7C3349 /* Pods_eco_planner.framework */ = {isa = PBXFileReference; explicitFileType = wrapper.framework; includeInIndex = 0; path = Pods_eco_planner.framework; sourceTree = BUILT_PRODUCTS_DIR; };
		8A290510AD6D0C5BD220DA00 /* Pods_EcoPlanner.framework */ = {isa = PBXFileReference; explicitFileType = wrapper.framework; includeInIndex = 0; path = Pods_EcoPlanner.framework; sourceTree = BUILT_PRODUCTS_DIR; };
		8B073FEF186309D7DA18071F /* Pods-eco_planner.debug.xcconfig */ = {isa = PBXFileReference; includeInIndex = 1; lastKnownFileType = text.xcconfig; name = "Pods-eco_planner.debug.xcconfig"; path = "Pods/Target Support Files/Pods-eco_planner/Pods-eco_planner.debug.xcconfig"; sourceTree = "<group>"; };
		CE005F9C2020F57300DC0DAF /* EcoPlanner.app */ = {isa = PBXFileReference; explicitFileType = wrapper.application; includeInIndex = 0; path = EcoPlanner.app; sourceTree = BUILT_PRODUCTS_DIR; };
		CE3D57CB2090E63A002AA3A5 /* MapViewController.swift */ = {isa = PBXFileReference; lastKnownFileType = sourcecode.swift; path = MapViewController.swift; sourceTree = "<group>"; };
		CE5784D320530435008525D0 /* AppDelegate.swift */ = {isa = PBXFileReference; fileEncoding = 4; lastKnownFileType = sourcecode.swift; path = AppDelegate.swift; sourceTree = "<group>"; };
		CE5784D520530441008525D0 /* UIKitExtensions.swift */ = {isa = PBXFileReference; fileEncoding = 4; lastKnownFileType = sourcecode.swift; path = UIKitExtensions.swift; sourceTree = "<group>"; };
		CE5784D72053044A008525D0 /* Info.plist */ = {isa = PBXFileReference; fileEncoding = 4; lastKnownFileType = text.plist.xml; path = Info.plist; sourceTree = "<group>"; };
		CE5784DE2056C301008525D0 /* LaunchScreen.storyboard */ = {isa = PBXFileReference; fileEncoding = 4; lastKnownFileType = file.storyboard; path = LaunchScreen.storyboard; sourceTree = "<group>"; };
		CE5784E02056C308008525D0 /* Main.storyboard */ = {isa = PBXFileReference; fileEncoding = 4; lastKnownFileType = file.storyboard; path = Main.storyboard; sourceTree = "<group>"; };
		CE5784E22056C4EC008525D0 /* Reminder+CoreDataClass.swift */ = {isa = PBXFileReference; lastKnownFileType = sourcecode.swift; path = "Reminder+CoreDataClass.swift"; sourceTree = "<group>"; };
		CE5784E32056C4EC008525D0 /* Reminder+CoreDataProperties.swift */ = {isa = PBXFileReference; lastKnownFileType = sourcecode.swift; path = "Reminder+CoreDataProperties.swift"; sourceTree = "<group>"; };
		CE5784E62058281E008525D0 /* Reminder+PersistentReminder.swift */ = {isa = PBXFileReference; lastKnownFileType = sourcecode.swift; path = "Reminder+PersistentReminder.swift"; sourceTree = "<group>"; };
		CE881FDD209B738C00317744 /* RecyclingCentre.swift */ = {isa = PBXFileReference; lastKnownFileType = sourcecode.swift; path = RecyclingCentre.swift; sourceTree = "<group>"; };
		CE8A27C72052FE72009ED31E /* Assets.xcassets */ = {isa = PBXFileReference; lastKnownFileType = folder.assetcatalog; path = Assets.xcassets; sourceTree = "<group>"; };
		CE8A27C92052FE72009ED31E /* eco_planner.xcdatamodel */ = {isa = PBXFileReference; lastKnownFileType = wrapper.xcdatamodel; path = eco_planner.xcdatamodel; sourceTree = "<group>"; };
		CE8A27CE2052FE72009ED31E /* RemindersViewController.swift */ = {isa = PBXFileReference; fileEncoding = 4; lastKnownFileType = sourcecode.swift; path = RemindersViewController.swift; sourceTree = "<group>"; };
		CE8A27D02052FE72009ED31E /* AddOrEditReminderViewController.swift */ = {isa = PBXFileReference; fileEncoding = 4; lastKnownFileType = sourcecode.swift; path = AddOrEditReminderViewController.swift; sourceTree = "<group>"; };
		CE8A27D32052FE72009ED31E /* RemindersManager.swift */ = {isa = PBXFileReference; fileEncoding = 4; lastKnownFileType = sourcecode.swift; path = RemindersManager.swift; sourceTree = "<group>"; };
		CE8A27D42052FE72009ED31E /* Reminder.swift */ = {isa = PBXFileReference; fileEncoding = 4; lastKnownFileType = sourcecode.swift; path = Reminder.swift; sourceTree = "<group>"; };
		CEAE9F2120986CF5009CB96C /* TipsViewController.swift */ = {isa = PBXFileReference; lastKnownFileType = sourcecode.swift; path = TipsViewController.swift; sourceTree = "<group>"; };
		FAE7B9250D9695E69CC15E6B /* Pods-eco_planner.release.xcconfig */ = {isa = PBXFileReference; includeInIndex = 1; lastKnownFileType = text.xcconfig; name = "Pods-eco_planner.release.xcconfig"; path = "Pods/Target Support Files/Pods-eco_planner/Pods-eco_planner.release.xcconfig"; sourceTree = "<group>"; };
/* End PBXFileReference section */

/* Begin PBXFrameworksBuildPhase section */
		CE005F992020F57300DC0DAF /* Frameworks */ = {
			isa = PBXFrameworksBuildPhase;
			buildActionMask = 2147483647;
			files = (
				C9E5B79C411E8D6B6C39286B /* Pods_eco_planner.framework in Frameworks */,
				508A7630FD925A04AAB791B3 /* Pods_EcoPlanner.framework in Frameworks */,
			);
			runOnlyForDeploymentPostprocessing = 0;
		};
/* End PBXFrameworksBuildPhase section */

/* Begin PBXGroup section */
		9A14ED9D4B7AAA1A01399E67 /* Frameworks */ = {
			isa = PBXGroup;
			children = (
				84B435EACE68A3EABD7C3349 /* Pods_eco_planner.framework */,
				8A290510AD6D0C5BD220DA00 /* Pods_EcoPlanner.framework */,
			);
			name = Frameworks;
			sourceTree = "<group>";
		};
		CCD44A19AAE3F2EDCB6EDEED /* Pods */ = {
			isa = PBXGroup;
			children = (
				8B073FEF186309D7DA18071F /* Pods-eco_planner.debug.xcconfig */,
				FAE7B9250D9695E69CC15E6B /* Pods-eco_planner.release.xcconfig */,
				2DB39C7F66D23D960B79F37D /* Pods-EcoPlanner.debug.xcconfig */,
				082CC35C68C20428D47231BB /* Pods-EcoPlanner.release.xcconfig */,
			);
			name = Pods;
			sourceTree = "<group>";
		};
		CE005F932020F57300DC0DAF = {
			isa = PBXGroup;
			children = (
				CE8A27C62052FE72009ED31E /* EcoPlanner */,
				CE005F9D2020F57300DC0DAF /* Products */,
				CCD44A19AAE3F2EDCB6EDEED /* Pods */,
				9A14ED9D4B7AAA1A01399E67 /* Frameworks */,
			);
			sourceTree = "<group>";
		};
		CE005F9D2020F57300DC0DAF /* Products */ = {
			isa = PBXGroup;
			children = (
				CE005F9C2020F57300DC0DAF /* EcoPlanner.app */,
			);
			name = Products;
			sourceTree = "<group>";
		};
		CE5784E82058282C008525D0 /* CoreData */ = {
			isa = PBXGroup;
			children = (
				CE5784E22056C4EC008525D0 /* Reminder+CoreDataClass.swift */,
				CE5784E32056C4EC008525D0 /* Reminder+CoreDataProperties.swift */,
				CE5784E62058281E008525D0 /* Reminder+PersistentReminder.swift */,
				CE8A27C82052FE72009ED31E /* Core Data.xcdatamodeld */,
			);
			path = CoreData;
			sourceTree = "<group>";
		};
		CE8A27C62052FE72009ED31E /* EcoPlanner */ = {
			isa = PBXGroup;
			children = (
				CE8A27D22052FE72009ED31E /* Model */,
				CE8A27D52052FE72009ED31E /* View */,
				CE8A27CC2052FE72009ED31E /* Controller */,
				CE5784E82058282C008525D0 /* CoreData */,
				CE5784D520530441008525D0 /* UIKitExtensions.swift */,
				CE5784D320530435008525D0 /* AppDelegate.swift */,
				CE8A27C72052FE72009ED31E /* Assets.xcassets */,
				CE5784DE2056C301008525D0 /* LaunchScreen.storyboard */,
				CE5784D72053044A008525D0 /* Info.plist */,
			);
			path = EcoPlanner;
			sourceTree = "<group>";
		};
		CE8A27CC2052FE72009ED31E /* Controller */ = {
			isa = PBXGroup;
			children = (
				CE8A27CE2052FE72009ED31E /* RemindersViewController.swift */,
				CE8A27D02052FE72009ED31E /* AddOrEditReminderViewController.swift */,
				CE3D57CB2090E63A002AA3A5 /* MapViewController.swift */,
				CEAE9F2120986CF5009CB96C /* TipsViewController.swift */,
			);
			path = Controller;
			sourceTree = "<group>";
		};
		CE8A27D22052FE72009ED31E /* Model */ = {
			isa = PBXGroup;
			children = (
				CE8A27D42052FE72009ED31E /* Reminder.swift */,
				CE881FDD209B738C00317744 /* RecyclingCentre.swift */,
				CE8A27D32052FE72009ED31E /* RemindersManager.swift */,
			);
			path = Model;
			sourceTree = "<group>";
		};
		CE8A27D52052FE72009ED31E /* View */ = {
			isa = PBXGroup;
			children = (
				CE5784E02056C308008525D0 /* Main.storyboard */,
			);
			path = View;
			sourceTree = "<group>";
		};
/* End PBXGroup section */

/* Begin PBXNativeTarget section */
		CE005F9B2020F57300DC0DAF /* EcoPlanner */ = {
			isa = PBXNativeTarget;
			buildConfigurationList = CE005FB12020F57300DC0DAF /* Build configuration list for PBXNativeTarget "EcoPlanner" */;
			buildPhases = (
				2EF7D8E78E055EC4D56F67F5 /* [CP] Check Pods Manifest.lock */,
				CE005F982020F57300DC0DAF /* Sources */,
				CE005F992020F57300DC0DAF /* Frameworks */,
				CE005F9A2020F57300DC0DAF /* Resources */,
				6F72161539116463BFB6C9E7 /* [CP] Embed Pods Frameworks */,
				72C2DD3D2ED0D857AC623117 /* [CP] Copy Pods Resources */,
			);
			buildRules = (
			);
			dependencies = (
			);
			name = EcoPlanner;
			productName = eco_planner;
			productReference = CE005F9C2020F57300DC0DAF /* EcoPlanner.app */;
			productType = "com.apple.product-type.application";
		};
/* End PBXNativeTarget section */

/* Begin PBXProject section */
		CE005F942020F57300DC0DAF /* Project object */ = {
			isa = PBXProject;
			attributes = {
				KnownAssetTags = (
					1,
					2,
				);
				LastSwiftUpdateCheck = 0910;
				LastUpgradeCheck = 0910;
				ORGANIZATIONNAME = Ruxi;
				TargetAttributes = {
					CE005F9B2020F57300DC0DAF = {
						CreatedOnToolsVersion = 9.1;
						ProvisioningStyle = Automatic;
					};
				};
			};
			buildConfigurationList = CE005F972020F57300DC0DAF /* Build configuration list for PBXProject "EcoPlanner" */;
			compatibilityVersion = "Xcode 8.0";
			developmentRegion = en;
			hasScannedForEncodings = 0;
			knownRegions = (
				en,
				Base,
			);
			mainGroup = CE005F932020F57300DC0DAF;
			productRefGroup = CE005F9D2020F57300DC0DAF /* Products */;
			projectDirPath = "";
			projectRoot = "";
			targets = (
				CE005F9B2020F57300DC0DAF /* EcoPlanner */,
			);
		};
/* End PBXProject section */

/* Begin PBXResourcesBuildPhase section */
		CE005F9A2020F57300DC0DAF /* Resources */ = {
			isa = PBXResourcesBuildPhase;
			buildActionMask = 2147483647;
			files = (
				CE5784DF2056C301008525D0 /* LaunchScreen.storyboard in Resources */,
				CE5784D82053044A008525D0 /* Info.plist in Resources */,
				CE8A27DA2052FE72009ED31E /* Assets.xcassets in Resources */,
				CE5784E12056C308008525D0 /* Main.storyboard in Resources */,
			);
			runOnlyForDeploymentPostprocessing = 0;
		};
/* End PBXResourcesBuildPhase section */

/* Begin PBXShellScriptBuildPhase section */
		2EF7D8E78E055EC4D56F67F5 /* [CP] Check Pods Manifest.lock */ = {
			isa = PBXShellScriptBuildPhase;
			buildActionMask = 2147483647;
			files = (
			);
			inputPaths = (
				"${PODS_PODFILE_DIR_PATH}/Podfile.lock",
				"${PODS_ROOT}/Manifest.lock",
			);
			name = "[CP] Check Pods Manifest.lock";
			outputPaths = (
				"$(DERIVED_FILE_DIR)/Pods-EcoPlanner-checkManifestLockResult.txt",
			);
			runOnlyForDeploymentPostprocessing = 0;
			shellPath = /bin/sh;
			shellScript = "diff \"${PODS_PODFILE_DIR_PATH}/Podfile.lock\" \"${PODS_ROOT}/Manifest.lock\" > /dev/null\nif [ $? != 0 ] ; then\n    # print error to STDERR\n    echo \"error: The sandbox is not in sync with the Podfile.lock. Run 'pod install' or update your CocoaPods installation.\" >&2\n    exit 1\nfi\n# This output is used by Xcode 'outputs' to avoid re-running this script phase.\necho \"SUCCESS\" > \"${SCRIPT_OUTPUT_FILE_0}\"\n";
			showEnvVarsInLog = 0;
		};
		6F72161539116463BFB6C9E7 /* [CP] Embed Pods Frameworks */ = {
			isa = PBXShellScriptBuildPhase;
			buildActionMask = 2147483647;
			files = (
			);
			inputPaths = (
				"${SRCROOT}/Pods/Target Support Files/Pods-EcoPlanner/Pods-EcoPlanner-frameworks.sh",
				"${PODS_ROOT}/ScoutMaps-iOS-SDK/SKMaps.framework",
				"${BUILT_PRODUCTS_DIR}/ZAlertView/ZAlertView.framework",
			);
			name = "[CP] Embed Pods Frameworks";
			outputPaths = (
				"${TARGET_BUILD_DIR}/${FRAMEWORKS_FOLDER_PATH}/SKMaps.framework",
				"${TARGET_BUILD_DIR}/${FRAMEWORKS_FOLDER_PATH}/ZAlertView.framework",
			);
			runOnlyForDeploymentPostprocessing = 0;
			shellPath = /bin/sh;
			shellScript = "\"${SRCROOT}/Pods/Target Support Files/Pods-EcoPlanner/Pods-EcoPlanner-frameworks.sh\"\n";
			showEnvVarsInLog = 0;
		};
		72C2DD3D2ED0D857AC623117 /* [CP] Copy Pods Resources */ = {
			isa = PBXShellScriptBuildPhase;
			buildActionMask = 2147483647;
			files = (
			);
			inputPaths = (
				"${SRCROOT}/Pods/Target Support Files/Pods-EcoPlanner/Pods-EcoPlanner-resources.sh",
				"${PODS_ROOT}/ScoutMaps-iOS-SDK/SKMaps.bundle",
				"${PODS_ROOT}/ScoutMaps-iOS-SDK/SKAdvisorResources.bundle",
			);
			name = "[CP] Copy Pods Resources";
			outputPaths = (
				"${TARGET_BUILD_DIR}/${UNLOCALIZED_RESOURCES_FOLDER_PATH}/SKMaps.bundle",
				"${TARGET_BUILD_DIR}/${UNLOCALIZED_RESOURCES_FOLDER_PATH}/SKAdvisorResources.bundle",
			);
			runOnlyForDeploymentPostprocessing = 0;
			shellPath = /bin/sh;
			shellScript = "\"${SRCROOT}/Pods/Target Support Files/Pods-EcoPlanner/Pods-EcoPlanner-resources.sh\"\n";
			showEnvVarsInLog = 0;
		};
/* End PBXShellScriptBuildPhase section */

/* Begin PBXSourcesBuildPhase section */
		CE005F982020F57300DC0DAF /* Sources */ = {
			isa = PBXSourcesBuildPhase;
			buildActionMask = 2147483647;
			files = (
				CE3D57CC2090E63B002AA3A5 /* MapViewController.swift in Sources */,
				CE5784D420530435008525D0 /* AppDelegate.swift in Sources */,
				CEAE9F2220986CF5009CB96C /* TipsViewController.swift in Sources */,
				CE5784E42056C4EC008525D0 /* Reminder+CoreDataClass.swift in Sources */,
				CE8A27DE2052FE72009ED31E /* RemindersViewController.swift in Sources */,
				CE8A27E02052FE72009ED31E /* AddOrEditReminderViewController.swift in Sources */,
				CE8A27E22052FE72009ED31E /* RemindersManager.swift in Sources */,
				CE8A27E32052FE72009ED31E /* Reminder.swift in Sources */,
				CE5784D620530441008525D0 /* UIKitExtensions.swift in Sources */,
				CE881FDE209B738C00317744 /* RecyclingCentre.swift in Sources */,
				CE8A27DB2052FE72009ED31E /* Core Data.xcdatamodeld in Sources */,
				CE5784E72058281E008525D0 /* Reminder+PersistentReminder.swift in Sources */,
				CE5784E52056C4EC008525D0 /* Reminder+CoreDataProperties.swift in Sources */,
			);
			runOnlyForDeploymentPostprocessing = 0;
		};
/* End PBXSourcesBuildPhase section */

/* Begin XCBuildConfiguration section */
		CE005FAF2020F57300DC0DAF /* Debug */ = {
			isa = XCBuildConfiguration;
			buildSettings = {
				ALWAYS_SEARCH_USER_PATHS = NO;
				CLANG_ANALYZER_NONNULL = YES;
				CLANG_ANALYZER_NUMBER_OBJECT_CONVERSION = YES_AGGRESSIVE;
				CLANG_CXX_LANGUAGE_STANDARD = "gnu++14";
				CLANG_CXX_LIBRARY = "libc++";
				CLANG_ENABLE_MODULES = YES;
				CLANG_ENABLE_OBJC_ARC = YES;
				CLANG_WARN_BLOCK_CAPTURE_AUTORELEASING = YES;
				CLANG_WARN_BOOL_CONVERSION = YES;
				CLANG_WARN_COMMA = YES;
				CLANG_WARN_CONSTANT_CONVERSION = YES;
				CLANG_WARN_DIRECT_OBJC_ISA_USAGE = YES_ERROR;
				CLANG_WARN_DOCUMENTATION_COMMENTS = YES;
				CLANG_WARN_EMPTY_BODY = YES;
				CLANG_WARN_ENUM_CONVERSION = YES;
				CLANG_WARN_INFINITE_RECURSION = YES;
				CLANG_WARN_INT_CONVERSION = YES;
				CLANG_WARN_NON_LITERAL_NULL_CONVERSION = YES;
				CLANG_WARN_OBJC_LITERAL_CONVERSION = YES;
				CLANG_WARN_OBJC_ROOT_CLASS = YES_ERROR;
				CLANG_WARN_RANGE_LOOP_ANALYSIS = YES;
				CLANG_WARN_STRICT_PROTOTYPES = YES;
				CLANG_WARN_SUSPICIOUS_MOVE = YES;
				CLANG_WARN_UNGUARDED_AVAILABILITY = YES_AGGRESSIVE;
				CLANG_WARN_UNREACHABLE_CODE = YES;
				CLANG_WARN__DUPLICATE_METHOD_MATCH = YES;
				CODE_SIGN_IDENTITY = "iPhone Developer";
				COPY_PHASE_STRIP = NO;
				DEBUG_INFORMATION_FORMAT = dwarf;
				ENABLE_STRICT_OBJC_MSGSEND = YES;
				ENABLE_TESTABILITY = YES;
				GCC_C_LANGUAGE_STANDARD = gnu11;
				GCC_DYNAMIC_NO_PIC = NO;
				GCC_NO_COMMON_BLOCKS = YES;
				GCC_OPTIMIZATION_LEVEL = 0;
				GCC_PREPROCESSOR_DEFINITIONS = (
					"DEBUG=1",
					"$(inherited)",
				);
				GCC_WARN_64_TO_32_BIT_CONVERSION = YES;
				GCC_WARN_ABOUT_RETURN_TYPE = YES_ERROR;
				GCC_WARN_UNDECLARED_SELECTOR = YES;
				GCC_WARN_UNINITIALIZED_AUTOS = YES_AGGRESSIVE;
				GCC_WARN_UNUSED_FUNCTION = YES;
				GCC_WARN_UNUSED_VARIABLE = YES;
				IPHONEOS_DEPLOYMENT_TARGET = 11.1;
				MTL_ENABLE_DEBUG_INFO = YES;
				ONLY_ACTIVE_ARCH = YES;
				SDKROOT = iphoneos;
				SWIFT_ACTIVE_COMPILATION_CONDITIONS = DEBUG;
				SWIFT_OPTIMIZATION_LEVEL = "-Onone";
			};
			name = Debug;
		};
		CE005FB02020F57300DC0DAF /* Release */ = {
			isa = XCBuildConfiguration;
			buildSettings = {
				ALWAYS_SEARCH_USER_PATHS = NO;
				CLANG_ANALYZER_NONNULL = YES;
				CLANG_ANALYZER_NUMBER_OBJECT_CONVERSION = YES_AGGRESSIVE;
				CLANG_CXX_LANGUAGE_STANDARD = "gnu++14";
				CLANG_CXX_LIBRARY = "libc++";
				CLANG_ENABLE_MODULES = YES;
				CLANG_ENABLE_OBJC_ARC = YES;
				CLANG_WARN_BLOCK_CAPTURE_AUTORELEASING = YES;
				CLANG_WARN_BOOL_CONVERSION = YES;
				CLANG_WARN_COMMA = YES;
				CLANG_WARN_CONSTANT_CONVERSION = YES;
				CLANG_WARN_DIRECT_OBJC_ISA_USAGE = YES_ERROR;
				CLANG_WARN_DOCUMENTATION_COMMENTS = YES;
				CLANG_WARN_EMPTY_BODY = YES;
				CLANG_WARN_ENUM_CONVERSION = YES;
				CLANG_WARN_INFINITE_RECURSION = YES;
				CLANG_WARN_INT_CONVERSION = YES;
				CLANG_WARN_NON_LITERAL_NULL_CONVERSION = YES;
				CLANG_WARN_OBJC_LITERAL_CONVERSION = YES;
				CLANG_WARN_OBJC_ROOT_CLASS = YES_ERROR;
				CLANG_WARN_RANGE_LOOP_ANALYSIS = YES;
				CLANG_WARN_STRICT_PROTOTYPES = YES;
				CLANG_WARN_SUSPICIOUS_MOVE = YES;
				CLANG_WARN_UNGUARDED_AVAILABILITY = YES_AGGRESSIVE;
				CLANG_WARN_UNREACHABLE_CODE = YES;
				CLANG_WARN__DUPLICATE_METHOD_MATCH = YES;
				CODE_SIGN_IDENTITY = "iPhone Developer";
				COPY_PHASE_STRIP = NO;
				DEBUG_INFORMATION_FORMAT = "dwarf-with-dsym";
				ENABLE_NS_ASSERTIONS = NO;
				ENABLE_STRICT_OBJC_MSGSEND = YES;
				GCC_C_LANGUAGE_STANDARD = gnu11;
				GCC_NO_COMMON_BLOCKS = YES;
				GCC_WARN_64_TO_32_BIT_CONVERSION = YES;
				GCC_WARN_ABOUT_RETURN_TYPE = YES_ERROR;
				GCC_WARN_UNDECLARED_SELECTOR = YES;
				GCC_WARN_UNINITIALIZED_AUTOS = YES_AGGRESSIVE;
				GCC_WARN_UNUSED_FUNCTION = YES;
				GCC_WARN_UNUSED_VARIABLE = YES;
				IPHONEOS_DEPLOYMENT_TARGET = 11.1;
				MTL_ENABLE_DEBUG_INFO = NO;
				SDKROOT = iphoneos;
				SWIFT_OPTIMIZATION_LEVEL = "-Owholemodule";
				VALIDATE_PRODUCT = YES;
			};
			name = Release;
		};
		CE005FB22020F57300DC0DAF /* Debug */ = {
			isa = XCBuildConfiguration;
			baseConfigurationReference = 2DB39C7F66D23D960B79F37D /* Pods-EcoPlanner.debug.xcconfig */;
			buildSettings = {
				ASSETCATALOG_COMPILER_APPICON_NAME = AppIcon;
				"CODE_SIGN_IDENTITY[sdk=iphoneos*]" = "iPhone Developer";
				CODE_SIGN_STYLE = Automatic;
				DEVELOPMENT_TEAM = Z4NZC2AMSY;
				INFOPLIST_FILE = "$(SRCROOT)/EcoPlanner/Info.plist";
				LD_RUNPATH_SEARCH_PATHS = "$(inherited) @executable_path/Frameworks";
				PRODUCT_BUNDLE_IDENTIFIER = com.ruxiciortea.ecoplanner;
				PRODUCT_NAME = "$(TARGET_NAME)";
				PROVISIONING_PROFILE_SPECIFIER = "";
				SWIFT_VERSION = 4.0;
				TARGETED_DEVICE_FAMILY = "1,2";
			};
			name = Debug;
		};
		CE005FB32020F57300DC0DAF /* Release */ = {
			isa = XCBuildConfiguration;
			baseConfigurationReference = 082CC35C68C20428D47231BB /* Pods-EcoPlanner.release.xcconfig */;
			buildSettings = {
				ASSETCATALOG_COMPILER_APPICON_NAME = AppIcon;
				"CODE_SIGN_IDENTITY[sdk=iphoneos*]" = "iPhone Developer";
				CODE_SIGN_STYLE = Automatic;
				DEVELOPMENT_TEAM = Z4NZC2AMSY;
				INFOPLIST_FILE = "$(SRCROOT)/EcoPlanner/Info.plist";
				LD_RUNPATH_SEARCH_PATHS = "$(inherited) @executable_path/Frameworks";
				PRODUCT_BUNDLE_IDENTIFIER = com.ruxiciortea.ecoplanner;
				PRODUCT_NAME = "$(TARGET_NAME)";
				PROVISIONING_PROFILE_SPECIFIER = "";
				SWIFT_VERSION = 4.0;
				TARGETED_DEVICE_FAMILY = "1,2";
			};
			name = Release;
		};
/* End XCBuildConfiguration section */

/* Begin XCConfigurationList section */
		CE005F972020F57300DC0DAF /* Build configuration list for PBXProject "EcoPlanner" */ = {
			isa = XCConfigurationList;
			buildConfigurations = (
				CE005FAF2020F57300DC0DAF /* Debug */,
				CE005FB02020F57300DC0DAF /* Release */,
			);
			defaultConfigurationIsVisible = 0;
			defaultConfigurationName = Release;
		};
		CE005FB12020F57300DC0DAF /* Build configuration list for PBXNativeTarget "EcoPlanner" */ = {
			isa = XCConfigurationList;
			buildConfigurations = (
				CE005FB22020F57300DC0DAF /* Debug */,
				CE005FB32020F57300DC0DAF /* Release */,
			);
			defaultConfigurationIsVisible = 0;
			defaultConfigurationName = Release;
		};
/* End XCConfigurationList section */

/* Begin XCVersionGroup section */
		CE8A27C82052FE72009ED31E /* Core Data.xcdatamodeld */ = {
			isa = XCVersionGroup;
			children = (
				CE8A27C92052FE72009ED31E /* eco_planner.xcdatamodel */,
			);
			currentVersion = CE8A27C92052FE72009ED31E /* eco_planner.xcdatamodel */;
			path = "Core Data.xcdatamodeld";
			sourceTree = "<group>";
			versionGroupType = wrapper.xcdatamodel;
		};
/* End XCVersionGroup section */
	};
	rootObject = CE005F942020F57300DC0DAF /* Project object */;
}
